{
  "requires": true,
  "lockfileVersion": 1,
  "dependencies": {
    "acorn": {
      "version": "https://registry.npm.taobao.org/acorn/download/acorn-5.5.3.tgz",
      "integrity": "sha1-9HPdR+AnegjijpvsWu6wR1HwuMk="
    },
    "agentkeepalive": {
      "version": "https://registry.npmjs.org/agentkeepalive/-/agentkeepalive-2.2.0.tgz",
      "integrity": "sha1-xdG9SxKQCPEWPyNvhuX66iAm4u8="
    },
    "algolia": {
      "version": "0.0.0",
      "resolved": "http://registry.npm.taobao.org/algolia/download/algolia-0.0.0.tgz",
      "integrity": "sha1-gqR5JkAjkmvOJJ0l8lY92fr42I4="
    },
    "algolia-ms": {
      "version": "https://registry.npm.taobao.org/algolia-ms/download/algolia-ms-0.7.1-fix-future-reserved-words.tgz",
      "integrity": "sha1-+i5EAVJwagVSg6yVRovu476l8rM="
    },
    "algoliasearch": {
      "version": "https://registry.npm.taobao.org/algoliasearch/download/algoliasearch-3.13.1.tgz",
      "integrity": "sha1-W8YIr+hcBHWpmWpFnowQBqLl/qw=",
      "requires": {
        "agentkeepalive": "https://registry.npmjs.org/agentkeepalive/-/agentkeepalive-2.2.0.tgz",
        "debug": "https://registry.npmjs.org/debug/-/debug-2.6.9.tgz",
        "debug-ms-fix-yui-compressor": "https://registry.npm.taobao.org/debug-ms-fix-yui-compressor/download/debug-ms-fix-yui-compressor-2.2.2-future-reserved-word-fix-ms.tgz",
        "envify": "https://registry.npmjs.org/envify/-/envify-3.4.1.tgz",
        "es6-promise": "https://registry.npm.taobao.org/es6-promise/download/es6-promise-3.3.1.tgz",
        "events": "https://registry.npmjs.org/events/-/events-1.1.1.tgz",
        "inherits": "https://registry.npmjs.org/inherits/-/inherits-2.0.3.tgz",
        "load-script": "https://registry.npmjs.org/load-script/-/load-script-1.0.0.tgz",
        "lodash": "https://registry.npmjs.org/lodash/-/lodash-3.10.1.tgz",
        "lodash-compat": "https://registry.npm.taobao.org/lodash-compat/download/lodash-compat-3.10.2.tgz",
        "querystring": "https://registry.npmjs.org/querystring/-/querystring-0.2.0.tgz",
        "semver": "https://registry.npm.taobao.org/semver/download/semver-5.5.0.tgz",
        "tunnel-agent": "https://registry.npmjs.org/tunnel-agent/-/tunnel-agent-0.4.3.tgz"
      }
    },
    "amdefine": {
      "version": "https://registry.npmjs.org/amdefine/-/amdefine-1.0.1.tgz",
      "integrity": "sha1-SlKCrBZHKek2Gbz9OtFR+BfOkfU="
    },
    "ast-types": {
      "version": "https://registry.npm.taobao.org/ast-types/download/ast-types-0.9.6.tgz",
      "integrity": "sha1-ECyenpAF0+fjgpvwxPok7oYu6bk="
    },
    "balanced-match": {
      "version": "https://registry.npmjs.org/balanced-match/-/balanced-match-1.0.0.tgz",
      "integrity": "sha1-ibTRmasr7kneFk6gK4nORi1xt2c="
    },
    "base62": {
      "version": "https://registry.npm.taobao.org/base62/download/base62-1.2.7.tgz",
      "integrity": "sha1-XAGq1zwBJPlTXP8b25xObM+DjPs="
    },
    "brace-expansion": {
      "version": "https://registry.npm.taobao.org/brace-expansion/download/brace-expansion-1.1.11.tgz",
      "integrity": "sha1-PH/L9SnYcibz0vUrlm/1Jx60Qd0=",
      "requires": {
        "balanced-match": "https://registry.npmjs.org/balanced-match/-/balanced-match-1.0.0.tgz",
        "concat-map": "https://registry.npmjs.org/concat-map/-/concat-map-0.0.1.tgz"
      }
    },
    "commander": {
      "version": "https://registry.npm.taobao.org/commander/download/commander-2.15.0.tgz",
      "integrity": "sha1-rSojocOwNuOSRpuAEs7GsztMEyI="
    },
    "commoner": {
      "version": "https://registry.npmjs.org/commoner/-/commoner-0.10.8.tgz",
      "integrity": "sha1-NPw2cs0kOT6LtH5wyqApOBH08sU=",
      "requires": {
        "commander": "https://registry.npm.taobao.org/commander/download/commander-2.15.0.tgz",
        "detective": "https://registry.npm.taobao.org/detective/download/detective-4.7.1.tgz",
        "glob": "https://registry.npmjs.org/glob/-/glob-5.0.15.tgz",
        "graceful-fs": "https://registry.npmjs.org/graceful-fs/-/graceful-fs-4.1.11.tgz",
        "iconv-lite": "https://registry.npmjs.org/iconv-lite/-/iconv-lite-0.4.19.tgz",
        "mkdirp": "https://registry.npm.taobao.org/mkdirp/download/mkdirp-0.5.1.tgz",
        "private": "https://registry.npm.taobao.org/private/download/private-0.1.8.tgz",
        "q": "https://registry.npm.taobao.org/q/download/q-1.5.1.tgz",
        "recast": "https://registry.npm.taobao.org/recast/download/recast-0.11.23.tgz"
      }
    },
    "concat-map": {
      "version": "https://registry.npmjs.org/concat-map/-/concat-map-0.0.1.tgz",
      "integrity": "sha1-2Klr13/Wjfd5OnMDajug1UBdR3s="
    },
    "debug": {
      "version": "https://registry.npmjs.org/debug/-/debug-2.6.9.tgz",
      "integrity": "sha1-XRKFFd8TT/Mn6QpMk/Tgd6U2NB8=",
      "requires": {
        "ms": "https://registry.npmjs.org/ms/-/ms-2.0.0.tgz"
      }
    },
    "debug-ms-fix-yui-compressor": {
      "version": "https://registry.npm.taobao.org/debug-ms-fix-yui-compressor/download/debug-ms-fix-yui-compressor-2.2.2-future-reserved-word-fix-ms.tgz",
      "integrity": "sha1-UAlHORJQ7BPAILFckBNl8aAWIOw=",
      "requires": {
        "algolia-ms": "https://registry.npm.taobao.org/algolia-ms/download/algolia-ms-0.7.1-fix-future-reserved-words.tgz"
      }
    },
    "defined": {
      "version": "https://registry.npmjs.org/defined/-/defined-1.0.0.tgz",
      "integrity": "sha1-yY2bzvdWdBiOEQlpFRGZ45sfppM="
    },
    "detective": {
      "version": "https://registry.npm.taobao.org/detective/download/detective-4.7.1.tgz",
      "integrity": "sha1-DspzFDOEQv67bWXaVMELscgrJG4=",
      "requires": {
        "acorn": "https://registry.npm.taobao.org/acorn/download/acorn-5.5.3.tgz",
        "defined": "https://registry.npmjs.org/defined/-/defined-1.0.0.tgz"
      }
    },
    "envify": {
      "version": "https://registry.npmjs.org/envify/-/envify-3.4.1.tgz",
      "integrity": "sha1-1xIjKejfFoi6dxsSUBkXyc5cvOg=",
      "requires": {
        "jstransform": "https://registry.npmjs.org/jstransform/-/jstransform-11.0.3.tgz",
        "through": "https://registry.npmjs.org/through/-/through-2.3.8.tgz"
      }
    },
    "es6-promise": {
      "version": "https://registry.npm.taobao.org/es6-promise/download/es6-promise-3.3.1.tgz",
      "integrity": "sha1-oIzd6EzNvzTQJ6FFG8kdS80ophM="
    },
    "esprima-fb": {
      "version": "https://registry.npmjs.org/esprima-fb/-/esprima-fb-15001.1.0-dev-harmony-fb.tgz",
      "integrity": "sha1-MKlHMDxrjV6VW+4rmbHSMyBqaQE="
    },
    "events": {
      "version": "https://registry.npmjs.org/events/-/events-1.1.1.tgz",
      "integrity": "sha1-nr23Y1rQmccNzEwqH1AEKI6L2SQ="
    },
    "gitbook-plugin-algolia": {
      "version": "https://registry.npm.taobao.org/gitbook-plugin-algolia/download/gitbook-plugin-algolia-1.0.7.tgz",
      "integrity": "sha1-z6gdgLOIV70SFytFspDFCa4Cpg8=",
      "requires": {
        "algoliasearch": "https://registry.npm.taobao.org/algoliasearch/download/algoliasearch-3.13.1.tgz"
      }
    },
    "glob": {
      "version": "https://registry.npmjs.org/glob/-/glob-5.0.15.tgz",
      "integrity": "sha1-G8k2ueAvSmA/zCIuz3Yz0wuLk7E=",
      "requires": {
        "inflight": "https://registry.npmjs.org/inflight/-/inflight-1.0.6.tgz",
        "inherits": "https://registry.npmjs.org/inherits/-/inherits-2.0.3.tgz",
        "minimatch": "https://registry.npmjs.org/minimatch/-/minimatch-3.0.4.tgz",
        "once": "https://registry.npmjs.org/once/-/once-1.4.0.tgz",
        "path-is-absolute": "https://registry.npmjs.org/path-is-absolute/-/path-is-absolute-1.0.1.tgz"
      }
    },
    "graceful-fs": {
      "version": "https://registry.npmjs.org/graceful-fs/-/graceful-fs-4.1.11.tgz",
      "integrity": "sha1-Dovf5NHduIVNZOBOp8AOKgJuVlg="
    },
    "iconv-lite": {
      "version": "https://registry.npmjs.org/iconv-lite/-/iconv-lite-0.4.19.tgz",
      "integrity": "sha1-90aPYBNfXl2tM5nAqBvpoWA6CCs="
    },
    "inflight": {
      "version": "https://registry.npmjs.org/inflight/-/inflight-1.0.6.tgz",
      "integrity": "sha1-Sb1jMdfQLQwJvJEKEHW6gWW1bfk=",
      "requires": {
        "once": "https://registry.npmjs.org/once/-/once-1.4.0.tgz",
        "wrappy": "https://registry.npmjs.org/wrappy/-/wrappy-1.0.2.tgz"
      }
    },
    "inherits": {
      "version": "https://registry.npmjs.org/inherits/-/inherits-2.0.3.tgz",
      "integrity": "sha1-Yzwsg+PaQqUC9SRmAiSA9CCCYd4="
    },
    "jstransform": {
      "version": "https://registry.npmjs.org/jstransform/-/jstransform-11.0.3.tgz",
      "integrity": "sha1-CaeJk+CuTU70SH9hVakfYZDLQiM=",
      "requires": {
        "base62": "https://registry.npm.taobao.org/base62/download/base62-1.2.7.tgz",
        "commoner": "https://registry.npmjs.org/commoner/-/commoner-0.10.8.tgz",
        "esprima-fb": "https://registry.npmjs.org/esprima-fb/-/esprima-fb-15001.1.0-dev-harmony-fb.tgz",
        "object-assign": "https://registry.npmjs.org/object-assign/-/object-assign-2.1.1.tgz",
        "source-map": "https://registry.npmjs.org/source-map/-/source-map-0.4.4.tgz"
      }
    },
    "load-script": {
      "version": "https://registry.npmjs.org/load-script/-/load-script-1.0.0.tgz",
      "integrity": "sha1-BJGTngvuVkPuSUp+PaPSuscMbKQ="
    },
    "lodash": {
      "version": "https://registry.npmjs.org/lodash/-/lodash-3.10.1.tgz",
      "integrity": "sha1-W/Rejkm6QYnhfUgnid/RW9FAt7Y="
    },
    "lodash-compat": {
      "version": "https://registry.npm.taobao.org/lodash-compat/download/lodash-compat-3.10.2.tgz",
      "integrity": "sha1-xpQBKKnTD46QLNLPmf0Muk7PwYM="
    },
    "minimatch": {
      "version": "https://registry.npmjs.org/minimatch/-/minimatch-3.0.4.tgz",
      "integrity": "sha1-UWbihkV/AzBgZL5Ul+jbsMPTIIM=",
      "requires": {
        "brace-expansion": "https://registry.npm.taobao.org/brace-expansion/download/brace-expansion-1.1.11.tgz"
      }
    },
    "minimist": {
      "version": "https://registry.npm.taobao.org/minimist/download/minimist-0.0.8.tgz",
      "integrity": "sha1-hX/Kv8M5fSYluCKCYuhqp6ARsF0="
    },
    "mkdirp": {
      "version": "https://registry.npm.taobao.org/mkdirp/download/mkdirp-0.5.1.tgz",
      "integrity": "sha1-MAV0OOrGz3+MR2fzhkjWaX11yQM=",
      "requires": {
        "minimist": "https://registry.npm.taobao.org/minimist/download/minimist-0.0.8.tgz"
      }
    },
    "ms": {
      "version": "https://registry.npmjs.org/ms/-/ms-2.0.0.tgz",
      "integrity": "sha1-VgiurfwAvmwpAd9fmGF4jeDVl8g="
    },
    "object-assign": {
      "version": "https://registry.npmjs.org/object-assign/-/object-assign-2.1.1.tgz",
      "integrity": "sha1-Q8NuXVaf+OSBbE76i+AtJpZ8GKo="
    },
    "once": {
      "version": "https://registry.npmjs.org/once/-/once-1.4.0.tgz",
      "integrity": "sha1-WDsap3WWHUsROsF9nFC6753Xa9E=",
      "requires": {
        "wrappy": "https://registry.npmjs.org/wrappy/-/wrappy-1.0.2.tgz"
      }
    },
    "path-is-absolute": {
      "version": "https://registry.npmjs.org/path-is-absolute/-/path-is-absolute-1.0.1.tgz",
      "integrity": "sha1-F0uSaHNVNP+8es5r9TpanhtcX18="
    },
    "private": {
      "version": "https://registry.npm.taobao.org/private/download/private-0.1.8.tgz",
      "integrity": "sha1-I4Hts2ifelPWUxkAYPz4ItLzaP8="
    },
    "q": {
      "version": "https://registry.npm.taobao.org/q/download/q-1.5.1.tgz",
      "integrity": "sha1-fjL3W0E4EpHQRhHxvxQQmsAGUdc="
    },
    "querystring": {
      "version": "https://registry.npmjs.org/querystring/-/querystring-0.2.0.tgz",
      "integrity": "sha1-sgmEkgO7Jd+CDadW50cAWHhSFiA="
    },
    "recast": {
      "version": "https://registry.npm.taobao.org/recast/download/recast-0.11.23.tgz",
      "integrity": "sha1-RR/TAEqx5N+bTktmN2sqIZEkYtM=",
      "requires": {
        "ast-types": "https://registry.npm.taobao.org/ast-types/download/ast-types-0.9.6.tgz",
        "esprima": "https://registry.npmjs.org/esprima/-/esprima-3.1.3.tgz",
        "private": "https://registry.npm.taobao.org/private/download/private-0.1.8.tgz",
        "source-map": "https://registry.npmjs.org/source-map/-/source-map-0.5.7.tgz"
      },
      "dependencies": {
        "esprima": {
          "version": "https://registry.npmjs.org/esprima/-/esprima-3.1.3.tgz",
          "integrity": "sha1-/cpRzuYTOJXjyI1TXOSdv/YqRjM="
        },
        "source-map": {
          "version": "https://registry.npmjs.org/source-map/-/source-map-0.5.7.tgz",
          "integrity": "sha1-igOdLRAh0i0eoUyA2OpGi6LvP8w="
        }
      }
    },
    "semver": {
      "version": "https://registry.npm.taobao.org/semver/download/semver-5.5.0.tgz",
      "integrity": "sha1-3Eu8emyp2Rbe5dQ1FvAJK1j3uKs="
    },
    "source-map": {
      "version": "https://registry.npmjs.org/source-map/-/source-map-0.4.4.tgz",
      "integrity": "sha1-66T12pwNyZneaAMti092FzZSA2s=",
      "requires": {
        "amdefine": "https://registry.npmjs.org/amdefine/-/amdefine-1.0.1.tgz"
      }
    },
    "through": {
      "version": "https://registry.npmjs.org/through/-/through-2.3.8.tgz",
      "integrity": "sha1-DdTJ/6q8NXlgsbckEV1+Doai4fU="
    },
    "tunnel-agent": {
      "version": "https://registry.npmjs.org/tunnel-agent/-/tunnel-agent-0.4.3.tgz",
      "integrity": "sha1-Y3PbdpCf5XDgjXNYM2Xtgop07us="
    },
    "wrappy": {
      "version": "https://registry.npmjs.org/wrappy/-/wrappy-1.0.2.tgz",
      "integrity": "sha1-tSQ9jz7BqjXxNkYFvA0QNuMKtp8="
    }
  }
}
